
Microsoft Visual Studio Solution File, Format Version 12.00
# Visual Studio Version 16
VisualStudioVersion = 16.0.31105.61
MinimumVisualStudioVersion = 10.0.40219.1
Project("{FAE04EC0-301F-11D3-BF4B-00C04F79EFBC}") = "MovieCollection", "MovieCollection.csproj", "{0BB89DE1-D747-45E7-91C5-1C9FE0657AE9}"
EndProject
Global
	GlobalSection(SolutionConfigurationPlatforms) = preSolution
		Debug|Any CPU = Debug|Any CPU
		Release|Any CPU = Release|Any CPU
	EndGlobalSection
	GlobalSection(ProjectConfigurationPlatforms) = postSolution
		{0BB89DE1-D747-45E7-91C5-1C9FE0657AE9}.Debug|Any CPU.ActiveCfg = Debug|Any CPU
		{0BB89DE1-D747-45E7-91C5-1C9FE0657AE9}.Debug|Any CPU.Build.0 = Debug|Any CPU
		{0BB89DE1-D747-45E7-91C5-1C9FE0657AE9}.Release|Any CPU.ActiveCfg = Release|Any CPU
		{0BB89DE1-D747-45E7-91C5-1C9FE0657AE9}.Release|Any CPU.Build.0 = Release|Any CPU
	EndGlobalSection
	GlobalSection(SolutionProperties) = preSolution
		HideSolutionNode = FALSE
	EndGlobalSection
	GlobalSection(ExtensibilityGlobals) = postSolution
		SolutionGuid = {645600D2-E1BA-436D-8D1C-01C923481C9A}
	EndGlobalSection
EndGlobal
